{
  "name": "defenstrationasaservice",
  "version": "1.0.0",
  "lockfileVersion": 2,
  "requires": true,
  "packages": {
    "": {
      "name": "defenstrationasaservice",
      "version": "1.0.0",
      "license": "MIT",
      "dependencies": {
        "@types/node": "^18.7.14",
        "deno": "^0.1.1",
        "imagescript": "^1.2.9",
        "typescript": "^4.8.2"
      }
    },
    "node_modules/@types/node": {
      "version": "18.7.14",
      "resolved": "https://registry.npmjs.org/@types/node/-/node-18.7.14.tgz",
      "integrity": "sha512-6bbDaETVi8oyIARulOE9qF1/Qdi/23z6emrUh0fNJRUmjznqrixD4MpGDdgOFk5Xb0m2H6Xu42JGdvAxaJR/wA=="
    },
    "node_modules/dafo": {
      "version": "0.1.1",
      "resolved": "https://registry.npmjs.org/dafo/-/dafo-0.1.1.tgz",
      "integrity": "sha512-18XhtDt5qQ5pAfWzo1t3mRXQPanY8diFQFjCxh+/0mko5QHztCv6oLgPL9kKxB8aeYutp8lWC7BqjGzC8GWX1w==",
      "dependencies": {
        "noda": "^0.1.2"
      }
    },
    "node_modules/dafo/node_modules/noda": {
      "version": "0.1.2",
      "resolved": "https://registry.npmjs.org/noda/-/noda-0.1.2.tgz",
      "integrity": "sha512-oP5xzQsC4dujsuRlshsnb2R+0BWJmPRJx8MXQlTgbrSSqi5Szeu67Lr8Od1/lkc+8evLPRDmHl9L0xeVJYRGaw=="
    },
    "node_modules/deno": {
      "version": "0.1.1",
      "resolved": "https://registry.npmjs.org/deno/-/deno-0.1.1.tgz",
      "integrity": "sha512-vdXCOZOXXgRUFPIV2HbyBBT+u1TjKmDueCEJuk9Q+ADLS7jmVfdfGxp0vI5o/gOjbA1OwOYMVfg249+9vjYa7w==",
      "dependencies": {
        "dafo": "^0.1.1",
        "noda": "^0.6.0",
        "qir": "^0.1.0"
      },
      "bin": {
        "install.js": "try-deno"
      }
    },
    "node_modules/imagescript": {
      "version": "1.2.9",
      "resolved": "git+ssh://git@github.com/matmen/ImageScript.git#03d8d4072bc2e66e607f7d318554a72900402438",
      "license": "AGPL-3.0-or-later",
      "engines": {
        "node": ">=14.0.0"
      }
    },
    "node_modules/noda": {
      "version": "0.6.0",
      "resolved": "https://registry.npmjs.org/noda/-/noda-0.6.0.tgz",
      "integrity": "sha512-Zj3eTQ1cL83zGvorxbGmeqNnt/h+2nH3jT/XLI2oXHL9LH6IKoPvFh6feT1e/yFhRRByP3Q+waM+2dcXIdZkqg==",
      "engines": {
        "node": ">=6"
      }
    },
    "node_modules/qir": {
      "version": "0.1.0",
      "resolved": "https://registry.npmjs.org/qir/-/qir-0.1.0.tgz",
      "integrity": "sha512-LJUKDMyPsaog5uDarzqterz+SfdyA3mfvq45kSLV0X5IOSPy/nlueKvLg8nClOSKp57c1E0bU/BFHwHFUoVhcw==",
      "dependencies": {
        "noda": "^0.6.0"
      }
    },
    "node_modules/typescript": {
      "version": "4.8.2",
      "resolved": "https://registry.npmjs.org/typescript/-/typescript-4.8.2.tgz",
      "integrity": "sha512-C0I1UsrrDHo2fYI5oaCGbSejwX4ch+9Y5jTQELvovfmFkK3HHSZJB8MSJcWLmCUBzQBchCrZ9rMRV6GuNrvGtw==",
      "bin": {
        "tsc": "bin/tsc",
        "tsserver": "bin/tsserver"
      },
      "engines": {
        "node": ">=4.2.0"
      }
    }
  },
  "dependencies": {
    "@types/node": {
      "version": "18.7.14",
      "resolved": "https://registry.npmjs.org/@types/node/-/node-18.7.14.tgz",
      "integrity": "sha512-6bbDaETVi8oyIARulOE9qF1/Qdi/23z6emrUh0fNJRUmjznqrixD4MpGDdgOFk5Xb0m2H6Xu42JGdvAxaJR/wA=="
    },
    "dafo": {
      "version": "0.1.1",
      "resolved": "https://registry.npmjs.org/dafo/-/dafo-0.1.1.tgz",
      "integrity": "sha512-18XhtDt5qQ5pAfWzo1t3mRXQPanY8diFQFjCxh+/0mko5QHztCv6oLgPL9kKxB8aeYutp8lWC7BqjGzC8GWX1w==",
      "requires": {
        "noda": "^0.1.2"
      },
      "dependencies": {
        "noda": {
          "version": "0.1.2",
          "resolved": "https://registry.npmjs.org/noda/-/noda-0.1.2.tgz",
          "integrity": "sha512-oP5xzQsC4dujsuRlshsnb2R+0BWJmPRJx8MXQlTgbrSSqi5Szeu67Lr8Od1/lkc+8evLPRDmHl9L0xeVJYRGaw=="
        }
      }
    },
    "deno": {
      "version": "0.1.1",
      "resolved": "https://registry.npmjs.org/deno/-/deno-0.1.1.tgz",
      "integrity": "sha512-vdXCOZOXXgRUFPIV2HbyBBT+u1TjKmDueCEJuk9Q+ADLS7jmVfdfGxp0vI5o/gOjbA1OwOYMVfg249+9vjYa7w==",
      "requires": {
        "dafo": "^0.1.1",
        "noda": "^0.6.0",
        "qir": "^0.1.0"
      }
    },
    "imagescript": {
      "version": "git+ssh://git@github.com/matmen/ImageScript.git#03d8d4072bc2e66e607f7d318554a72900402438",
      "from": "imagescript@^1.2.9"
    },
    "noda": {
      "version": "0.6.0",
      "resolved": "https://registry.npmjs.org/noda/-/noda-0.6.0.tgz",
      "integrity": "sha512-Zj3eTQ1cL83zGvorxbGmeqNnt/h+2nH3jT/XLI2oXHL9LH6IKoPvFh6feT1e/yFhRRByP3Q+waM+2dcXIdZkqg=="
    },
    "qir": {
      "version": "0.1.0",
      "resolved": "https://registry.npmjs.org/qir/-/qir-0.1.0.tgz",
      "integrity": "sha512-LJUKDMyPsaog5uDarzqterz+SfdyA3mfvq45kSLV0X5IOSPy/nlueKvLg8nClOSKp57c1E0bU/BFHwHFUoVhcw==",
      "requires": {
        "noda": "^0.6.0"
      }
    },
    "typescript": {
      "version": "4.8.2",
      "resolved": "https://registry.npmjs.org/typescript/-/typescript-4.8.2.tgz",
      "integrity": "sha512-C0I1UsrrDHo2fYI5oaCGbSejwX4ch+9Y5jTQELvovfmFkK3HHSZJB8MSJcWLmCUBzQBchCrZ9rMRV6GuNrvGtw=="
    }
  }
}
